
Microsoft Visual Studio Solution File, Format Version 12.00
# Visual Studio 15
VisualStudioVersion = 15.0.28307.421
MinimumVisualStudioVersion = 10.0.40219.1
Project("{FAE04EC0-301F-11D3-BF4B-00C04F79EFBC}") = "MotorTester", "MotorTester\MotorTester.csproj", "{0E15456F-5C8F-4526-895D-212925C28AC6}"
EndProject
Global
	GlobalSection(SolutionConfigurationPlatforms) = preSolution
		Debug|Any CPU = Debug|Any CPU
		Release|Any CPU = Release|Any CPU
	EndGlobalSection
	GlobalSection(ProjectConfigurationPlatforms) = postSolution
		{0E15456F-5C8F-4526-895D-212925C28AC6}.Debug|Any CPU.ActiveCfg = Debug|Any CPU
		{0E15456F-5C8F-4526-895D-212925C28AC6}.Debug|Any CPU.Build.0 = Debug|Any CPU
		{0E15456F-5C8F-4526-895D-212925C28AC6}.Release|Any CPU.ActiveCfg = Release|Any CPU
		{0E15456F-5C8F-4526-895D-212925C28AC6}.Release|Any CPU.Build.0 = Release|Any CPU
	EndGlobalSection
	GlobalSection(SolutionProperties) = preSolution
		HideSolutionNode = FALSE
	EndGlobalSection
	GlobalSection(ExtensibilityGlobals) = postSolution
		SolutionGuid = {DFF5D2D7-36BD-4835-B870-FC6C8B061ECD}
	EndGlobalSection
EndGlobal
